
Microsoft Visual Studio Solution File, Format Version 12.00
# Visual Studio Version 16
VisualStudioVersion = 16.0.32228.343
MinimumVisualStudioVersion = 10.0.40219.1
Project("{8BC9CEB8-8B4A-11D0-8D11-00A0C91BC942}") = "twin-stick-shooter-game-1", "twin-stick-shooter-game-1\twin-stick-shooter-game-1.vcxproj", "{4B1BAC84-AE6C-4529-9478-1FA2D8AE055E}"
EndProject
Global
	GlobalSection(SolutionConfigurationPlatforms) = preSolution
		Debug|x64 = Debug|x64
		Debug|x86 = Debug|x86
		Release|x64 = Release|x64
		Release|x86 = Release|x86
	EndGlobalSection
	GlobalSection(ProjectConfigurationPlatforms) = postSolution
		{4B1BAC84-AE6C-4529-9478-1FA2D8AE055E}.Debug|x64.ActiveCfg = Debug|x64
		{4B1BAC84-AE6C-4529-9478-1FA2D8AE055E}.Debug|x64.Build.0 = Debug|x64
		{4B1BAC84-AE6C-4529-9478-1FA2D8AE055E}.Debug|x86.ActiveCfg = Debug|Win32
		{4B1BAC84-AE6C-4529-9478-1FA2D8AE055E}.Debug|x86.Build.0 = Debug|Win32
		{4B1BAC84-AE6C-4529-9478-1FA2D8AE055E}.Release|x64.ActiveCfg = Release|x64
		{4B1BAC84-AE6C-4529-9478-1FA2D8AE055E}.Release|x64.Build.0 = Release|x64
		{4B1BAC84-AE6C-4529-9478-1FA2D8AE055E}.Release|x86.ActiveCfg = Release|Win32
		{4B1BAC84-AE6C-4529-9478-1FA2D8AE055E}.Release|x86.Build.0 = Release|Win32
	EndGlobalSection
	GlobalSection(SolutionProperties) = preSolution
		HideSolutionNode = FALSE
	EndGlobalSection
	GlobalSection(ExtensibilityGlobals) = postSolution
		SolutionGuid = {22D5F8AC-43AF-42ED-BD41-C360A1906784}
	EndGlobalSection
EndGlobal
